Microsoft Visual Studio Solution File, Format Version 12.00
# Visual Studio 14
VisualStudioVersion = 14.0.25420.1
MinimumVisualStudioVersion = 10.0.40219.1
Project("{8BC9CEB8-8B4A-11D0-8D11-00A0C91BC942}") = "Mir2Ex", "Mir2Ex.vcxproj", "{31429DB6-45B6-4FB2-8033-ED763327D8EC}"
EndProject
Project("{8BC9CEB8-8B4A-11D0-8D11-00A0C91BC942}") = "WindHorn", "WindHorn\WindHorn.vcxproj", "{F0DC5967-236F-413B-A2FC-82316FE8C1CB}"
EndProject
Global
	GlobalSection(SolutionConfigurationPlatforms) = preSolution
		Debug|x86 = Debug|x86
		Release|x86 = Release|x86
	EndGlobalSection
	GlobalSection(ProjectConfigurationPlatforms) = postSolution
		{31429DB6-45B6-4FB2-8033-ED763327D8EC}.Debug|x86.ActiveCfg = Debug|Win32
		{31429DB6-45B6-4FB2-8033-ED763327D8EC}.Debug|x86.Build.0 = Debug|Win32
		{31429DB6-45B6-4FB2-8033-ED763327D8EC}.Release|x86.ActiveCfg = Release|Win32
		{31429DB6-45B6-4FB2-8033-ED763327D8EC}.Release|x86.Build.0 = Release|Win32
		{F0DC5967-236F-413B-A2FC-82316FE8C1CB}.Debug|x86.ActiveCfg = Debug|Win32
		{F0DC5967-236F-413B-A2FC-82316FE8C1CB}.Debug|x86.Build.0 = Debug|Win32
		{F0DC5967-236F-413B-A2FC-82316FE8C1CB}.Release|x86.ActiveCfg = Release|Win32
		{F0DC5967-236F-413B-A2FC-82316FE8C1CB}.Release|x86.Build.0 = Release|Win32
	EndGlobalSection
	GlobalSection(SolutionProperties) = preSolution
		HideSolutionNode = FALSE
	EndGlobalSection
EndGlobal
