<?xml version="1.0" encoding="utf-8"?>
<Project ToolsVersion="4.0" xmlns="http://schemas.microsoft.com/developer/msbuild/2003">
  <ItemGroup>
    <Filter Include="Source Files">
      <UniqueIdentifier>{a67f763b-7e74-47b8-96f6-20cd104ab655}</UniqueIdentifier>
      <Extensions>cpp;c;cxx;rc;def;r;odl;idl;hpj;bat</Extensions>
    </Filter>
    <Filter Include="Header Files">
      <UniqueIdentifier>{bc976b47-a418-4166-a8ab-80d6243ead69}</UniqueIdentifier>
      <Extensions>h;hpp;hxx;hm;inl</Extensions>
    </Filter>
    <Filter Include="Resource Files">
      <UniqueIdentifier>{4f35b68f-87a4-4ba3-84d0-28979d2416f4}</UniqueIdentifier>
      <Extensions>ico;cur;bmp;dlg;rc2;rct;bin;rgs;gif;jpg;jpeg;jpe</Extensions>
    </Filter>
    <Filter Include="_Oranze Library">
      <UniqueIdentifier>{df9f6eb3-14aa-4e8c-8bca-fae516bb249d}</UniqueIdentifier>
    </Filter>
    <Filter Include="Def">
      <UniqueIdentifier>{30cc2a75-802c-43b4-8e27-124a64c9c1bd}</UniqueIdentifier>
      <Extensions>cpp</Extensions>
    </Filter>
  </ItemGroup>
  <ItemGroup>
    <ClCompile Include="AddSvrListFunc.cpp">
      <Filter>Source Files</Filter>
    </ClCompile>
    <ClCompile Include="ConfigDlgFunc.cpp">
      <Filter>Source Files</Filter>
    </ClCompile>
    <ClCompile Include="..\Def\dbmgr.cpp">
      <Filter>Source Files</Filter>
    </ClCompile>
    <ClCompile Include="GateCommSockMsg.cpp">
      <Filter>Source Files</Filter>
    </ClCompile>
    <ClCompile Include="GateInfo.cpp">
      <Filter>Source Files</Filter>
    </ClCompile>
    <ClCompile Include="LoginSvr.cpp">
      <Filter>Source Files</Filter>
    </ClCompile>
    <ClCompile Include="MainWndProc.cpp">
      <Filter>Source Files</Filter>
    </ClCompile>
    <ClCompile Include="..\Def\Misc.cpp">
      <Filter>Source Files</Filter>
    </ClCompile>
    <ClCompile Include="ServerListProc.cpp">
      <Filter>Source Files</Filter>
    </ClCompile>
    <ClCompile Include="StdAfx.cpp">
      <Filter>Source Files</Filter>
    </ClCompile>
    <ClCompile Include="ThreadFuncForMsg.cpp">
      <Filter>Source Files</Filter>
    </ClCompile>
    <ClCompile Include="..\Def\_OrzEx\database.cpp">
      <Filter>_Oranze Library</Filter>
    </ClCompile>
    <ClCompile Include="..\Def\_OrzEx\syncobj.cpp">
      <Filter>_Oranze Library</Filter>
    </ClCompile>
    <ClCompile Include="..\Def\EnDecode.cpp">
      <Filter>Def</Filter>
    </ClCompile>
    <ClCompile Include="..\Def\RegstryHandler.cpp">
      <Filter>Def</Filter>
    </ClCompile>
    <ClCompile Include="..\Def\ServerSockHandler.cpp">
      <Filter>Def</Filter>
    </ClCompile>
  </ItemGroup>
  <ItemGroup>
    <ResourceCompile Include="LoginSvr.rc">
      <Filter>Source Files</Filter>
    </ResourceCompile>
  </ItemGroup>
  <ItemGroup>
    <ClInclude Include="..\Def\dbmgr.h">
      <Filter>Header Files</Filter>
    </ClInclude>
    <ClInclude Include="..\Def\DynamicArray.h">
      <Filter>Header Files</Filter>
    </ClInclude>
    <ClInclude Include="..\Def\EnDecode.h">
      <Filter>Header Files</Filter>
    </ClInclude>
    <ClInclude Include="..\Def\List.h">
      <Filter>Header Files</Filter>
    </ClInclude>
    <ClInclude Include="LoginSvr.h">
      <Filter>Header Files</Filter>
    </ClInclude>
    <ClInclude Include="..\Def\Misc.h">
      <Filter>Header Files</Filter>
    </ClInclude>
    <ClInclude Include="..\Def\Protocol.h">
      <Filter>Header Files</Filter>
    </ClInclude>
    <ClInclude Include="..\Def\Queue.h">
      <Filter>Header Files</Filter>
    </ClInclude>
    <ClInclude Include="..\Def\ServerSockHandler.h">
      <Filter>Header Files</Filter>
    </ClInclude>
    <ClInclude Include="StdAfx.h">
      <Filter>Header Files</Filter>
    </ClInclude>
    <ClInclude Include="..\Def\_OrzEx\database.h">
      <Filter>_Oranze Library</Filter>
    </ClInclude>
    <ClInclude Include="..\Def\_OrzEx\syncobj.h">
      <Filter>_Oranze Library</Filter>
    </ClInclude>
  </ItemGroup>
  <ItemGroup>
    <Image Include="Res\MIR2.ICO">
      <Filter>Resource Files</Filter>
    </Image>
    <Image Include="Res\toolbar.bmp">
      <Filter>Resource Files</Filter>
    </Image>
  </ItemGroup>
  <ItemGroup>
    <Text Include="ReadMe.txt" />
  </ItemGroup>
</Project>